Microsoft Visual Studio Solution File, Format Version 12.00
# Visual Studio Version 17
VisualStudioVersion = 17.5.2.0
MinimumVisualStudioVersion = 10.0.40219.1
Project("{FAE04EC0-301F-11D3-BF4B-00C04F79EFBC}") = "Chapter6", "Chapter6.csproj", "{71A603BF-CAC7-A869-51A4-A90685FF15CE}"
EndProject
Global
	GlobalSection(SolutionConfigurationPlatforms) = preSolution
		Debug|Any CPU = Debug|Any CPU
		Release|Any CPU = Release|Any CPU
	EndGlobalSection
	GlobalSection(ProjectConfigurationPlatforms) = postSolution
		{71A603BF-CAC7-A869-51A4-A90685FF15CE}.Debug|Any CPU.ActiveCfg = Debug|Any CPU
		{71A603BF-CAC7-A869-51A4-A90685FF15CE}.Debug|Any CPU.Build.0 = Debug|Any CPU
		{71A603BF-CAC7-A869-51A4-A90685FF15CE}.Release|Any CPU.ActiveCfg = Release|Any CPU
		{71A603BF-CAC7-A869-51A4-A90685FF15CE}.Release|Any CPU.Build.0 = Release|Any CPU
	EndGlobalSection
	GlobalSection(SolutionProperties) = preSolution
		HideSolutionNode = FALSE
	EndGlobalSection
	GlobalSection(ExtensibilityGlobals) = postSolution
		SolutionGuid = {78C1F39D-3814-43AA-A210-9F0C56047225}
	EndGlobalSection
EndGlobal
